// !$*UTF8*$!
{
	archiveVersion = 1;
	classes = {
	};
	objectVersion = 46;
	objects = {

/* Begin PBXBuildFile section */
		192C202116823C45C9CDC4F4 /* include_juce_data_structures.mm in Sources */ = {isa = PBXBuildFile; fileRef = 59C2BE35C314ACEB2C10D584 /* include_juce_data_structures.mm */; };
		2FF2C7FFF3E1337781F6DF03 /* Cocoa.framework in Frameworks */ = {isa = PBXBuildFile; fileRef = 407C2E33329C2422A5C13E1C /* Cocoa.framework */; };
		47FD270BDE66A0408EFD70B0 /* Main.cpp in Sources */ = {isa = PBXBuildFile; fileRef = 5AA5B481C4CD5A0542ACB518 /* Main.cpp */; };
		5DF4DC18829FAC6204B2664B /* include_juce_graphics.mm in Sources */ = {isa = PBXBuildFile; fileRef = 0E5D1284E365F3B5DCC997A3 /* include_juce_graphics.mm */; };
		654A137CDBE2082694A1826D /* RecentFilesMenuTemplate.nib in Resources */ = {isa = PBXBuildFile; fileRef = BFE9209A95805B2E9834CFF4 /* RecentFilesMenuTemplate.nib */; };
		7C94EF04A11605255CEA93C6 /* IOKit.framework in Frameworks */ = {isa = PBXBuildFile; fileRef = D9C8E4CC7F8207A3B440F977 /* IOKit.framework */; };
		8C92D4CED9216B604CA1091D /* Foundation.framework in Frameworks */ = {isa = PBXBuildFile; fileRef = DB1C3FED33E44C86FB2399B6 /* Foundation.framework */; };
		AFF5A55129184079008CC8CF /* Calculator.cpp in Sources */ = {isa = PBXBuildFile; fileRef = AFF5A54F29184079008CC8CF /* Calculator.cpp */; };
		B1846F80268785C43EE715E7 /* include_juce_events.mm in Sources */ = {isa = PBXBuildFile; fileRef = 98513B8A3EB446201A707F15 /* include_juce_events.mm */; };
		C59EDB8470BBD8B543D77D16 /* include_juce_core.mm in Sources */ = {isa = PBXBuildFile; fileRef = 76765C8F9D852CAD4517A123 /* include_juce_core.mm */; };
		DE77932FA92106057D7428A5 /* MainComponent.cpp in Sources */ = {isa = PBXBuildFile; fileRef = D7B298883DC800011A54CC40 /* MainComponent.cpp */; };
		E0D1DDD105B62CFBE8409AD1 /* include_juce_gui_basics.mm in Sources */ = {isa = PBXBuildFile; fileRef = DA01BDC75D149E8F69E062A0 /* include_juce_gui_basics.mm */; };
		F7591589F7A181CB8CB56F81 /* QuartzCore.framework in Frameworks */ = {isa = PBXBuildFile; fileRef = 5BCDDEE16D599C1F4A457DF2 /* QuartzCore.framework */; };
/* End PBXBuildFile section */

/* Begin PBXFileReference section */
		0E5D1284E365F3B5DCC997A3 /* include_juce_graphics.mm */ = {isa = PBXFileReference; lastKnownFileType = sourcecode.cpp.objcpp; name = include_juce_graphics.mm; path = ../../JuceLibraryCode/include_juce_graphics.mm; sourceTree = SOURCE_ROOT; };
		1480ED13D50C20417B843DA4 /* Info-App.plist */ = {isa = PBXFileReference; lastKnownFileType = text.plist.xml; path = "Info-App.plist"; sourceTree = SOURCE_ROOT; };
		35DCA4764363325A396912F7 /* juce_core */ = {isa = PBXFileReference; lastKnownFileType = folder; name = juce_core; path = /Users/odanchen/Projects/JUCE/modules/juce_core; sourceTree = "<absolute>"; };
		3B7E06090C55AFFD333402F4 /* juce_gui_basics */ = {isa = PBXFileReference; lastKnownFileType = folder; name = juce_gui_basics; path = /Users/odanchen/Projects/JUCE/modules/juce_gui_basics; sourceTree = "<absolute>"; };
		3E56C3EFF8CCD6380941A392 /* MainComponent.h */ = {isa = PBXFileReference; lastKnownFileType = sourcecode.c.h; name = MainComponent.h; path = ../../Source/MainComponent.h; sourceTree = SOURCE_ROOT; };
		407C2E33329C2422A5C13E1C /* Cocoa.framework */ = {isa = PBXFileReference; lastKnownFileType = wrapper.framework; name = Cocoa.framework; path = System/Library/Frameworks/Cocoa.framework; sourceTree = SDKROOT; };
		56214981890EED63C6A638ED /* juce_events */ = {isa = PBXFileReference; lastKnownFileType = folder; name = juce_events; path = /Users/odanchen/Projects/JUCE/modules/juce_events; sourceTree = "<absolute>"; };
		59C2BE35C314ACEB2C10D584 /* include_juce_data_structures.mm */ = {isa = PBXFileReference; lastKnownFileType = sourcecode.cpp.objcpp; name = include_juce_data_structures.mm; path = ../../JuceLibraryCode/include_juce_data_structures.mm; sourceTree = SOURCE_ROOT; };
		5AA5B481C4CD5A0542ACB518 /* Main.cpp */ = {isa = PBXFileReference; lastKnownFileType = sourcecode.cpp.cpp; name = Main.cpp; path = ../../Source/Main.cpp; sourceTree = SOURCE_ROOT; };
		5BCDDEE16D599C1F4A457DF2 /* QuartzCore.framework */ = {isa = PBXFileReference; lastKnownFileType = wrapper.framework; name = QuartzCore.framework; path = System/Library/Frameworks/QuartzCore.framework; sourceTree = SDKROOT; };
		76765C8F9D852CAD4517A123 /* include_juce_core.mm */ = {isa = PBXFileReference; lastKnownFileType = sourcecode.cpp.objcpp; name = include_juce_core.mm; path = ../../JuceLibraryCode/include_juce_core.mm; sourceTree = SOURCE_ROOT; };
		85354154E51E317BE49BE251 /* juce_graphics */ = {isa = PBXFileReference; lastKnownFileType = folder; name = juce_graphics; path = /Users/odanchen/Projects/JUCE/modules/juce_graphics; sourceTree = "<absolute>"; };
		98513B8A3EB446201A707F15 /* include_juce_events.mm */ = {isa = PBXFileReference; lastKnownFileType = sourcecode.cpp.objcpp; name = include_juce_events.mm; path = ../../JuceLibraryCode/include_juce_events.mm; sourceTree = SOURCE_ROOT; };
		9DC8F9F216842FC07A0CF245 /* juce_data_structures */ = {isa = PBXFileReference; lastKnownFileType = folder; name = juce_data_structures; path = /Users/odanchen/Projects/JUCE/modules/juce_data_structures; sourceTree = "<absolute>"; };
		A3A8F1C696779659B3EF8663 /* JuceHeader.h */ = {isa = PBXFileReference; lastKnownFileType = sourcecode.c.h; name = JuceHeader.h; path = ../../JuceLibraryCode/JuceHeader.h; sourceTree = SOURCE_ROOT; };
		AFF5A54F29184079008CC8CF /* Calculator.cpp */ = {isa = PBXFileReference; lastKnownFileType = sourcecode.cpp.cpp; name = Calculator.cpp; path = ../../Source/Calculator.cpp; sourceTree = "<group>"; };
		AFF5A55029184079008CC8CF /* Calculator.hpp */ = {isa = PBXFileReference; lastKnownFileType = sourcecode.cpp.h; name = Calculator.hpp; path = ../../Source/Calculator.hpp; sourceTree = "<group>"; };
		B81DFB10D96A5F0D680F3CCC /* Calculator.app */ = {isa = PBXFileReference; explicitFileType = wrapper.application; includeInIndex = 0; path = Calculator.app; sourceTree = BUILT_PRODUCTS_DIR; };
		BFE9209A95805B2E9834CFF4 /* RecentFilesMenuTemplate.nib */ = {isa = PBXFileReference; lastKnownFileType = file.nib; path = RecentFilesMenuTemplate.nib; sourceTree = SOURCE_ROOT; };
		D7B298883DC800011A54CC40 /* MainComponent.cpp */ = {isa = PBXFileReference; lastKnownFileType = sourcecode.cpp.cpp; name = MainComponent.cpp; path = ../../Source/MainComponent.cpp; sourceTree = SOURCE_ROOT; };
		D9C8E4CC7F8207A3B440F977 /* IOKit.framework */ = {isa = PBXFileReference; lastKnownFileType = wrapper.framework; name = IOKit.framework; path = System/Library/Frameworks/IOKit.framework; sourceTree = SDKROOT; };
		DA01BDC75D149E8F69E062A0 /* include_juce_gui_basics.mm */ = {isa = PBXFileReference; lastKnownFileType = sourcecode.cpp.objcpp; name = include_juce_gui_basics.mm; path = ../../JuceLibraryCode/include_juce_gui_basics.mm; sourceTree = SOURCE_ROOT; };
		DB1C3FED33E44C86FB2399B6 /* Foundation.framework */ = {isa = PBXFileReference; lastKnownFileType = wrapper.framework; name = Foundation.framework; path = System/Library/Frameworks/Foundation.framework; sourceTree = SDKROOT; };
/* End PBXFileReference section */

/* Begin PBXFrameworksBuildPhase section */
		7FF2C8BC74C1689164D0F0A4 /* Frameworks */ = {
			isa = PBXFrameworksBuildPhase;
			buildActionMask = 2147483647;
			files = (
				2FF2C7FFF3E1337781F6DF03 /* Cocoa.framework in Frameworks */,
				8C92D4CED9216B604CA1091D /* Foundation.framework in Frameworks */,
				7C94EF04A11605255CEA93C6 /* IOKit.framework in Frameworks */,
				F7591589F7A181CB8CB56F81 /* QuartzCore.framework in Frameworks */,
			);
			runOnlyForDeploymentPostprocessing = 0;
		};
/* End PBXFrameworksBuildPhase section */

/* Begin PBXGroup section */
		12220EAF95A0D9E6F8632E81 /* JUCE Library Code */ = {
			isa = PBXGroup;
			children = (
				76765C8F9D852CAD4517A123 /* include_juce_core.mm */,
				59C2BE35C314ACEB2C10D584 /* include_juce_data_structures.mm */,
				98513B8A3EB446201A707F15 /* include_juce_events.mm */,
				0E5D1284E365F3B5DCC997A3 /* include_juce_graphics.mm */,
				DA01BDC75D149E8F69E062A0 /* include_juce_gui_basics.mm */,
				A3A8F1C696779659B3EF8663 /* JuceHeader.h */,
			);
			name = "JUCE Library Code";
			sourceTree = "<group>";
		};
		444E8B230B0FB1E034C065E2 /* Calculator */ = {
			isa = PBXGroup;
			children = (
				FED08B91ABC0320903C5B948 /* Source */,
			);
			name = Calculator;
			sourceTree = "<group>";
		};
		94B4F8241F2915A42D12DBA8 /* Resources */ = {
			isa = PBXGroup;
			children = (
				1480ED13D50C20417B843DA4 /* Info-App.plist */,
				BFE9209A95805B2E9834CFF4 /* RecentFilesMenuTemplate.nib */,
			);
			name = Resources;
			sourceTree = "<group>";
		};
		B0FF6FECA209C448D110DA09 /* JUCE Modules */ = {
			isa = PBXGroup;
			children = (
				35DCA4764363325A396912F7 /* juce_core */,
				9DC8F9F216842FC07A0CF245 /* juce_data_structures */,
				56214981890EED63C6A638ED /* juce_events */,
				85354154E51E317BE49BE251 /* juce_graphics */,
				3B7E06090C55AFFD333402F4 /* juce_gui_basics */,
			);
			name = "JUCE Modules";
			sourceTree = "<group>";
		};
		C0E58B56265ADA2EE8F131F3 /* Products */ = {
			isa = PBXGroup;
			children = (
				B81DFB10D96A5F0D680F3CCC /* Calculator.app */,
			);
			name = Products;
			sourceTree = "<group>";
		};
		E23357B57E5290D3AE038C05 /* Source */ = {
			isa = PBXGroup;
			children = (
				444E8B230B0FB1E034C065E2 /* Calculator */,
				B0FF6FECA209C448D110DA09 /* JUCE Modules */,
				12220EAF95A0D9E6F8632E81 /* JUCE Library Code */,
				94B4F8241F2915A42D12DBA8 /* Resources */,
				EC28C305134EC3234F00C9F6 /* Frameworks */,
				C0E58B56265ADA2EE8F131F3 /* Products */,
			);
			name = Source;
			sourceTree = "<group>";
		};
		EC28C305134EC3234F00C9F6 /* Frameworks */ = {
			isa = PBXGroup;
			children = (
				407C2E33329C2422A5C13E1C /* Cocoa.framework */,
				DB1C3FED33E44C86FB2399B6 /* Foundation.framework */,
				D9C8E4CC7F8207A3B440F977 /* IOKit.framework */,
				5BCDDEE16D599C1F4A457DF2 /* QuartzCore.framework */,
			);
			name = Frameworks;
			sourceTree = "<group>";
		};
		FED08B91ABC0320903C5B948 /* Source */ = {
			isa = PBXGroup;
			children = (
				5AA5B481C4CD5A0542ACB518 /* Main.cpp */,
				3E56C3EFF8CCD6380941A392 /* MainComponent.h */,
				D7B298883DC800011A54CC40 /* MainComponent.cpp */,
				AFF5A54F29184079008CC8CF /* Calculator.cpp */,
				AFF5A55029184079008CC8CF /* Calculator.hpp */,
			);
			name = Source;
			sourceTree = "<group>";
		};
/* End PBXGroup section */

/* Begin PBXNativeTarget section */
		3A322B7A49F4AED8C278CF6A /* Calculator - App */ = {
			isa = PBXNativeTarget;
			buildConfigurationList = 5726CFC09FB84352CAAD379B /* Build configuration list for PBXNativeTarget "Calculator - App" */;
			buildPhases = (
				C7B556905D51385A30281F6E /* Resources */,
				454F113669CB3D3D0C95E45F /* Sources */,
				7FF2C8BC74C1689164D0F0A4 /* Frameworks */,
			);
			buildRules = (
			);
			dependencies = (
			);
			name = "Calculator - App";
			productName = Calculator;
			productReference = B81DFB10D96A5F0D680F3CCC /* Calculator.app */;
			productType = "com.apple.product-type.application";
		};
/* End PBXNativeTarget section */

/* Begin PBXProject section */
		D4093F3ACA78E3391D57ED18 /* Project object */ = {
			isa = PBXProject;
			attributes = {
				LastUpgradeCheck = 1340;
				ORGANIZATIONNAME = "";
				TargetAttributes = {
					3A322B7A49F4AED8C278CF6A = {
						SystemCapabilities = {
							com.apple.ApplicationGroups.iOS = {
								enabled = 0;
							};
							com.apple.HardenedRuntime = {
								enabled = 0;
							};
							com.apple.InAppPurchase = {
								enabled = 0;
							};
							com.apple.InterAppAudio = {
								enabled = 0;
							};
							com.apple.Push = {
								enabled = 0;
							};
							com.apple.Sandbox = {
								enabled = 0;
							};
						};
					};
				};
			};
			buildConfigurationList = F75F6412A36BCCD8E130EE1A /* Build configuration list for PBXProject "Calculator" */;
			compatibilityVersion = "Xcode 3.2";
			developmentRegion = en;
			hasScannedForEncodings = 0;
			knownRegions = (
				en,
				Base,
			);
			mainGroup = E23357B57E5290D3AE038C05 /* Source */;
			projectDirPath = "";
			projectRoot = "";
			targets = (
				3A322B7A49F4AED8C278CF6A /* Calculator - App */,
			);
		};
/* End PBXProject section */

/* Begin PBXResourcesBuildPhase section */
		C7B556905D51385A30281F6E /* Resources */ = {
			isa = PBXResourcesBuildPhase;
			buildActionMask = 2147483647;
			files = (
				654A137CDBE2082694A1826D /* RecentFilesMenuTemplate.nib in Resources */,
			);
			runOnlyForDeploymentPostprocessing = 0;
		};
/* End PBXResourcesBuildPhase section */

/* Begin PBXSourcesBuildPhase section */
		454F113669CB3D3D0C95E45F /* Sources */ = {
			isa = PBXSourcesBuildPhase;
			buildActionMask = 2147483647;
			files = (
				47FD270BDE66A0408EFD70B0 /* Main.cpp in Sources */,
				AFF5A55129184079008CC8CF /* Calculator.cpp in Sources */,
				DE77932FA92106057D7428A5 /* MainComponent.cpp in Sources */,
				C59EDB8470BBD8B543D77D16 /* include_juce_core.mm in Sources */,
				192C202116823C45C9CDC4F4 /* include_juce_data_structures.mm in Sources */,
				B1846F80268785C43EE715E7 /* include_juce_events.mm in Sources */,
				5DF4DC18829FAC6204B2664B /* include_juce_graphics.mm in Sources */,
				E0D1DDD105B62CFBE8409AD1 /* include_juce_gui_basics.mm in Sources */,
			);
			runOnlyForDeploymentPostprocessing = 0;
		};
/* End PBXSourcesBuildPhase section */

/* Begin XCBuildConfiguration section */
		57EFCBF30ABE024C2A25A63E /* Debug */ = {
			isa = XCBuildConfiguration;
			buildSettings = {
				CLANG_CXX_LANGUAGE_STANDARD = "c++14";
				CLANG_CXX_LIBRARY = "libc++";
				CLANG_LINK_OBJC_RUNTIME = NO;
				CODE_SIGN_IDENTITY = "";
				COMBINE_HIDPI_IMAGES = YES;
				CONFIGURATION_BUILD_DIR = "$(PROJECT_DIR)/build/$(CONFIGURATION)";
				COPY_PHASE_STRIP = NO;
				EXCLUDED_ARCHS = "";
				GCC_DYNAMIC_NO_PIC = NO;
				GCC_OPTIMIZATION_LEVEL = 0;
				GCC_PREPROCESSOR_DEFINITIONS = (
					"_DEBUG=1",
					"DEBUG=1",
					"JUCE_DISPLAY_SPLASH_SCREEN=1",
					"JUCE_USE_DARK_SPLASH_SCREEN=1",
					"JUCE_PROJUCER_VERSION=0x70002",
					"JUCE_MODULE_AVAILABLE_juce_core=1",
					"JUCE_MODULE_AVAILABLE_juce_data_structures=1",
					"JUCE_MODULE_AVAILABLE_juce_events=1",
					"JUCE_MODULE_AVAILABLE_juce_graphics=1",
					"JUCE_MODULE_AVAILABLE_juce_gui_basics=1",
					"JUCE_GLOBAL_MODULE_SETTINGS_INCLUDED=1",
					"JUCE_STRICT_REFCOUNTEDPOINTER=1",
					"JUCE_STANDALONE_APPLICATION=1",
					"JUCER_XCODE_MAC_F6D2F4CF=1",
					"JUCE_APP_VERSION=1.0.0",
					"JUCE_APP_VERSION_HEX=0x10000",
					"JucePlugin_Build_VST=0",
					"JucePlugin_Build_VST3=0",
					"JucePlugin_Build_AU=0",
					"JucePlugin_Build_AUv3=0",
					"JucePlugin_Build_AAX=0",
					"JucePlugin_Build_Standalone=0",
					"JucePlugin_Build_Unity=0",
					"JucePlugin_Build_LV2=0",
				);
				GCC_VERSION = com.apple.compilers.llvm.clang.1_0;
				HEADER_SEARCH_PATHS = (
					"$(SRCROOT)/../../JuceLibraryCode",
					/Users/odanchen/Projects/JUCE/modules,
					"$(inherited)",
				);
				INFOPLIST_FILE = "Info-App.plist";
				INFOPLIST_PREPROCESS = NO;
				INSTALL_PATH = "$(HOME)/Applications";
				MACOSX_DEPLOYMENT_TARGET = 10.11;
				MTL_HEADER_SEARCH_PATHS = "$(SRCROOT)/../../JuceLibraryCode /Users/odanchen/Projects/JUCE/modules";
				OTHER_LDFLAGS = (
					"-weak_framework",
					Metal,
					"-weak_framework",
					MetalKit,
				);
				PRODUCT_BUNDLE_IDENTIFIER = com.yourcompany.Calculator;
				PRODUCT_NAME = Calculator;
				USE_HEADERMAP = NO;
				VALID_ARCHS = "i386 x86_64 arm64 arm64e";
			};
			name = Debug;
		};
		87546899B22F15DE73F81B6B /* Release */ = {
			isa = XCBuildConfiguration;
			buildSettings = {
				CLANG_CXX_LANGUAGE_STANDARD = "c++14";
				CLANG_CXX_LIBRARY = "libc++";
				CLANG_LINK_OBJC_RUNTIME = NO;
				CODE_SIGN_IDENTITY = "";
				COMBINE_HIDPI_IMAGES = YES;
				CONFIGURATION_BUILD_DIR = "$(PROJECT_DIR)/build/$(CONFIGURATION)";
				DEAD_CODE_STRIPPING = YES;
				EXCLUDED_ARCHS = "";
				GCC_GENERATE_DEBUGGING_SYMBOLS = NO;
				GCC_OPTIMIZATION_LEVEL = 3;
				GCC_PREPROCESSOR_DEFINITIONS = (
					"_NDEBUG=1",
					"NDEBUG=1",
					"JUCE_DISPLAY_SPLASH_SCREEN=1",
					"JUCE_USE_DARK_SPLASH_SCREEN=1",
					"JUCE_PROJUCER_VERSION=0x70002",
					"JUCE_MODULE_AVAILABLE_juce_core=1",
					"JUCE_MODULE_AVAILABLE_juce_data_structures=1",
					"JUCE_MODULE_AVAILABLE_juce_events=1",
					"JUCE_MODULE_AVAILABLE_juce_graphics=1",
					"JUCE_MODULE_AVAILABLE_juce_gui_basics=1",
					"JUCE_GLOBAL_MODULE_SETTINGS_INCLUDED=1",
					"JUCE_STRICT_REFCOUNTEDPOINTER=1",
					"JUCE_STANDALONE_APPLICATION=1",
					"JUCER_XCODE_MAC_F6D2F4CF=1",
					"JUCE_APP_VERSION=1.0.0",
					"JUCE_APP_VERSION_HEX=0x10000",
					"JucePlugin_Build_VST=0",
					"JucePlugin_Build_VST3=0",
					"JucePlugin_Build_AU=0",
					"JucePlugin_Build_AUv3=0",
					"JucePlugin_Build_AAX=0",
					"JucePlugin_Build_Standalone=0",
					"JucePlugin_Build_Unity=0",
					"JucePlugin_Build_LV2=0",
				);
				GCC_VERSION = com.apple.compilers.llvm.clang.1_0;
				HEADER_SEARCH_PATHS = (
					"$(SRCROOT)/../../JuceLibraryCode",
					/Users/odanchen/Projects/JUCE/modules,
					"$(inherited)",
				);
				INFOPLIST_FILE = "Info-App.plist";
				INFOPLIST_PREPROCESS = NO;
				INSTALL_PATH = "$(HOME)/Applications";
				LLVM_LTO = YES;
				MACOSX_DEPLOYMENT_TARGET = 10.11;
				MTL_HEADER_SEARCH_PATHS = "$(SRCROOT)/../../JuceLibraryCode /Users/odanchen/Projects/JUCE/modules";
				OTHER_LDFLAGS = (
					"-weak_framework",
					Metal,
					"-weak_framework",
					MetalKit,
				);
				PRODUCT_BUNDLE_IDENTIFIER = com.yourcompany.Calculator;
				PRODUCT_NAME = Calculator;
				USE_HEADERMAP = NO;
				VALID_ARCHS = "i386 x86_64 arm64 arm64e";
			};
			name = Release;
		};
		B1559C90447D1B0ABE05DBB1 /* Debug */ = {
			isa = XCBuildConfiguration;
			buildSettings = {
				ALWAYS_SEARCH_USER_PATHS = NO;
				CLANG_ENABLE_OBJC_WEAK = YES;
				CLANG_WARN_BLOCK_CAPTURE_AUTORELEASING = YES;
				CLANG_WARN_BOOL_CONVERSION = YES;
				CLANG_WARN_COMMA = YES;
				CLANG_WARN_CONSTANT_CONVERSION = YES;
				CLANG_WARN_DEPRECATED_OBJC_IMPLEMENTATIONS = YES;
				CLANG_WARN_EMPTY_BODY = YES;
				CLANG_WARN_ENUM_CONVERSION = YES;
				CLANG_WARN_INFINITE_RECURSION = YES;
				CLANG_WARN_INT_CONVERSION = YES;
				CLANG_WARN_NON_LITERAL_NULL_CONVERSION = YES;
				CLANG_WARN_OBJC_IMPLICIT_RETAIN_SELF = YES;
				CLANG_WARN_OBJC_LITERAL_CONVERSION = YES;
				CLANG_WARN_RANGE_LOOP_ANALYSIS = YES;
				CLANG_WARN_STRICT_PROTOTYPES = YES;
				CLANG_WARN_SUSPICIOUS_MOVE = YES;
				CLANG_WARN_UNREACHABLE_CODE = YES;
				CLANG_WARN__DUPLICATE_METHOD_MATCH = YES;
				CODE_SIGN_IDENTITY = "";
				DEBUG_INFORMATION_FORMAT = dwarf;
				ENABLE_STRICT_OBJC_MSGSEND = YES;
				ENABLE_TESTABILITY = NO;
				GCC_C_LANGUAGE_STANDARD = c11;
				GCC_INLINES_ARE_PRIVATE_EXTERN = YES;
				GCC_MODEL_TUNING = G5;
				GCC_NO_COMMON_BLOCKS = YES;
				GCC_SYMBOLS_PRIVATE_EXTERN = YES;
				GCC_WARN_64_TO_32_BIT_CONVERSION = YES;
				GCC_WARN_ABOUT_RETURN_TYPE = YES;
				GCC_WARN_CHECK_SWITCH_STATEMENTS = YES;
				GCC_WARN_MISSING_PARENTHESES = YES;
				GCC_WARN_NON_VIRTUAL_DESTRUCTOR = YES;
				GCC_WARN_TYPECHECK_CALLS_TO_PRINTF = YES;
				GCC_WARN_UNDECLARED_SELECTOR = YES;
				GCC_WARN_UNINITIALIZED_AUTOS = YES;
				GCC_WARN_UNUSED_FUNCTION = YES;
				GCC_WARN_UNUSED_VARIABLE = YES;
				ONLY_ACTIVE_ARCH = YES;
				PRODUCT_NAME = Calculator;
				SDKROOT = macosx;
				WARNING_CFLAGS = "-Wreorder";
				ZERO_LINK = NO;
			};
			name = Debug;
		};
		BDABF9853CE71C45932A2D43 /* Release */ = {
			isa = XCBuildConfiguration;
			buildSettings = {
				ALWAYS_SEARCH_USER_PATHS = NO;
				CLANG_ENABLE_OBJC_WEAK = YES;
				CLANG_WARN_BLOCK_CAPTURE_AUTORELEASING = YES;
				CLANG_WARN_BOOL_CONVERSION = YES;
				CLANG_WARN_COMMA = YES;
				CLANG_WARN_CONSTANT_CONVERSION = YES;
				CLANG_WARN_DEPRECATED_OBJC_IMPLEMENTATIONS = YES;
				CLANG_WARN_EMPTY_BODY = YES;
				CLANG_WARN_ENUM_CONVERSION = YES;
				CLANG_WARN_INFINITE_RECURSION = YES;
				CLANG_WARN_INT_CONVERSION = YES;
				CLANG_WARN_NON_LITERAL_NULL_CONVERSION = YES;
				CLANG_WARN_OBJC_IMPLICIT_RETAIN_SELF = YES;
				CLANG_WARN_OBJC_LITERAL_CONVERSION = YES;
				CLANG_WARN_RANGE_LOOP_ANALYSIS = YES;
				CLANG_WARN_STRICT_PROTOTYPES = YES;
				CLANG_WARN_SUSPICIOUS_MOVE = YES;
				CLANG_WARN_UNREACHABLE_CODE = YES;
				CLANG_WARN__DUPLICATE_METHOD_MATCH = YES;
				CODE_SIGN_IDENTITY = "";
				DEBUG_INFORMATION_FORMAT = dwarf;
				ENABLE_STRICT_OBJC_MSGSEND = YES;
				ENABLE_TESTABILITY = NO;
				GCC_C_LANGUAGE_STANDARD = c11;
				GCC_INLINES_ARE_PRIVATE_EXTERN = YES;
				GCC_MODEL_TUNING = G5;
				GCC_NO_COMMON_BLOCKS = YES;
				GCC_SYMBOLS_PRIVATE_EXTERN = YES;
				GCC_WARN_64_TO_32_BIT_CONVERSION = YES;
				GCC_WARN_ABOUT_RETURN_TYPE = YES;
				GCC_WARN_CHECK_SWITCH_STATEMENTS = YES;
				GCC_WARN_MISSING_PARENTHESES = YES;
				GCC_WARN_NON_VIRTUAL_DESTRUCTOR = YES;
				GCC_WARN_TYPECHECK_CALLS_TO_PRINTF = YES;
				GCC_WARN_UNDECLARED_SELECTOR = YES;
				GCC_WARN_UNINITIALIZED_AUTOS = YES;
				GCC_WARN_UNUSED_FUNCTION = YES;
				GCC_WARN_UNUSED_VARIABLE = YES;
				PRODUCT_NAME = Calculator;
				SDKROOT = macosx;
				WARNING_CFLAGS = "-Wreorder";
				ZERO_LINK = NO;
			};
			name = Release;
		};
/* End XCBuildConfiguration section */

/* Begin XCConfigurationList section */
		5726CFC09FB84352CAAD379B /* Build configuration list for PBXNativeTarget "Calculator - App" */ = {
			isa = XCConfigurationList;
			buildConfigurations = (
				57EFCBF30ABE024C2A25A63E /* Debug */,
				87546899B22F15DE73F81B6B /* Release */,
			);
			defaultConfigurationIsVisible = 0;
			defaultConfigurationName = Debug;
		};
		F75F6412A36BCCD8E130EE1A /* Build configuration list for PBXProject "Calculator" */ = {
			isa = XCConfigurationList;
			buildConfigurations = (
				B1559C90447D1B0ABE05DBB1 /* Debug */,
				BDABF9853CE71C45932A2D43 /* Release */,
			);
			defaultConfigurationIsVisible = 0;
			defaultConfigurationName = Debug;
		};
/* End XCConfigurationList section */
	};
	rootObject = D4093F3ACA78E3391D57ED18 /* Project object */;
}
